
Microsoft Visual Studio Solution File, Format Version 12.00
# Visual Studio Version 17
VisualStudioVersion = 17.2.32630.192
MinimumVisualStudioVersion = 10.0.40219.1
Project("{FAE04EC0-301F-11D3-BF4B-00C04F79EFBC}") = "Example.UWP", "Example\Example.UWP\Example.UWP.csproj", "{D813A1CE-C684-49F6-9F25-278FE271EC43}"
EndProject
Project("{FAE04EC0-301F-11D3-BF4B-00C04F79EFBC}") = "Example.Android", "Example\Example.Android\Example.Android.csproj", "{EE15E6F7-5DF8-450E-9A7D-3816BEE4E214}"
EndProject
Project("{FAE04EC0-301F-11D3-BF4B-00C04F79EFBC}") = "Example.iOS", "Example\Example.iOS\Example.iOS.csproj", "{65702C5E-38E2-41D7-BCA4-CC47FF322165}"
EndProject
Project("{FAE04EC0-301F-11D3-BF4B-00C04F79EFBC}") = "Example", "Example\Example\Example.csproj", "{E983B92C-2CBE-401A-9895-3B8E94D859DC}"
EndProject
Global
	GlobalSection(SolutionConfigurationPlatforms) = preSolution
		Debug|Any CPU = Debug|Any CPU
		Debug|ARM = Debug|ARM
		Debug|iPhone = Debug|iPhone
		Debug|iPhoneSimulator = Debug|iPhoneSimulator
		Debug|x64 = Debug|x64
		Debug|x86 = Debug|x86
		Release|Any CPU = Release|Any CPU
		Release|ARM = Release|ARM
		Release|iPhone = Release|iPhone
		Release|iPhoneSimulator = Release|iPhoneSimulator
		Release|x64 = Release|x64
		Release|x86 = Release|x86
	EndGlobalSection
	GlobalSection(ProjectConfigurationPlatforms) = postSolution
		{D813A1CE-C684-49F6-9F25-278FE271EC43}.Debug|Any CPU.ActiveCfg = Debug|x64
		{D813A1CE-C684-49F6-9F25-278FE271EC43}.Debug|Any CPU.Build.0 = Debug|x64
		{D813A1CE-C684-49F6-9F25-278FE271EC43}.Debug|Any CPU.Deploy.0 = Debug|x64
		{D813A1CE-C684-49F6-9F25-278FE271EC43}.Debug|ARM.ActiveCfg = Debug|ARM
		{D813A1CE-C684-49F6-9F25-278FE271EC43}.Debug|ARM.Build.0 = Debug|ARM
		{D813A1CE-C684-49F6-9F25-278FE271EC43}.Debug|ARM.Deploy.0 = Debug|ARM
		{D813A1CE-C684-49F6-9F25-278FE271EC43}.Debug|iPhone.ActiveCfg = Debug|x64
		{D813A1CE-C684-49F6-9F25-278FE271EC43}.Debug|iPhone.Build.0 = Debug|x64
		{D813A1CE-C684-49F6-9F25-278FE271EC43}.Debug|iPhone.Deploy.0 = Debug|x64
		{D813A1CE-C684-49F6-9F25-278FE271EC43}.Debug|iPhoneSimulator.ActiveCfg = Debug|x64
		{D813A1CE-C684-49F6-9F25-278FE271EC43}.Debug|iPhoneSimulator.Build.0 = Debug|x64
		{D813A1CE-C684-49F6-9F25-278FE271EC43}.Debug|iPhoneSimulator.Deploy.0 = Debug|x64
		{D813A1CE-C684-49F6-9F25-278FE271EC43}.Debug|x64.ActiveCfg = Debug|x64
		{D813A1CE-C684-49F6-9F25-278FE271EC43}.Debug|x64.Build.0 = Debug|x64
		{D813A1CE-C684-49F6-9F25-278FE271EC43}.Debug|x64.Deploy.0 = Debug|x64
		{D813A1CE-C684-49F6-9F25-278FE271EC43}.Debug|x86.ActiveCfg = Debug|x86
		{D813A1CE-C684-49F6-9F25-278FE271EC43}.Debug|x86.Build.0 = Debug|x86
		{D813A1CE-C684-49F6-9F25-278FE271EC43}.Debug|x86.Deploy.0 = Debug|x86
		{D813A1CE-C684-49F6-9F25-278FE271EC43}.Release|Any CPU.ActiveCfg = Release|x64
		{D813A1CE-C684-49F6-9F25-278FE271EC43}.Release|Any CPU.Build.0 = Release|x64
		{D813A1CE-C684-49F6-9F25-278FE271EC43}.Release|Any CPU.Deploy.0 = Release|x64
		{D813A1CE-C684-49F6-9F25-278FE271EC43}.Release|ARM.ActiveCfg = Release|ARM
		{D813A1CE-C684-49F6-9F25-278FE271EC43}.Release|ARM.Build.0 = Release|ARM
		{D813A1CE-C684-49F6-9F25-278FE271EC43}.Release|ARM.Deploy.0 = Release|ARM
		{D813A1CE-C684-49F6-9F25-278FE271EC43}.Release|iPhone.ActiveCfg = Release|x64
		{D813A1CE-C684-49F6-9F25-278FE271EC43}.Release|iPhone.Build.0 = Release|x64
		{D813A1CE-C684-49F6-9F25-278FE271EC43}.Release|iPhone.Deploy.0 = Release|x64
		{D813A1CE-C684-49F6-9F25-278FE271EC43}.Release|iPhoneSimulator.ActiveCfg = Release|x64
		{D813A1CE-C684-49F6-9F25-278FE271EC43}.Release|iPhoneSimulator.Build.0 = Release|x64
		{D813A1CE-C684-49F6-9F25-278FE271EC43}.Release|iPhoneSimulator.Deploy.0 = Release|x64
		{D813A1CE-C684-49F6-9F25-278FE271EC43}.Release|x64.ActiveCfg = Release|x64
		{D813A1CE-C684-49F6-9F25-278FE271EC43}.Release|x64.Build.0 = Release|x64
		{D813A1CE-C684-49F6-9F25-278FE271EC43}.Release|x64.Deploy.0 = Release|x64
		{D813A1CE-C684-49F6-9F25-278FE271EC43}.Release|x86.ActiveCfg = Release|x86
		{D813A1CE-C684-49F6-9F25-278FE271EC43}.Release|x86.Build.0 = Release|x86
		{D813A1CE-C684-49F6-9F25-278FE271EC43}.Release|x86.Deploy.0 = Release|x86
		{EE15E6F7-5DF8-450E-9A7D-3816BEE4E214}.Debug|Any CPU.ActiveCfg = Debug|Any CPU
		{EE15E6F7-5DF8-450E-9A7D-3816BEE4E214}.Debug|Any CPU.Build.0 = Debug|Any CPU
		{EE15E6F7-5DF8-450E-9A7D-3816BEE4E214}.Debug|Any CPU.Deploy.0 = Debug|Any CPU
		{EE15E6F7-5DF8-450E-9A7D-3816BEE4E214}.Debug|ARM.ActiveCfg = Debug|Any CPU
		{EE15E6F7-5DF8-450E-9A7D-3816BEE4E214}.Debug|ARM.Build.0 = Debug|Any CPU
		{EE15E6F7-5DF8-450E-9A7D-3816BEE4E214}.Debug|ARM.Deploy.0 = Debug|Any CPU
		{EE15E6F7-5DF8-450E-9A7D-3816BEE4E214}.Debug|iPhone.ActiveCfg = Debug|Any CPU
		{EE15E6F7-5DF8-450E-9A7D-3816BEE4E214}.Debug|iPhone.Build.0 = Debug|Any CPU
		{EE15E6F7-5DF8-450E-9A7D-3816BEE4E214}.Debug|iPhone.Deploy.0 = Debug|Any CPU
		{EE15E6F7-5DF8-450E-9A7D-3816BEE4E214}.Debug|iPhoneSimulator.ActiveCfg = Debug|Any CPU
		{EE15E6F7-5DF8-450E-9A7D-3816BEE4E214}.Debug|iPhoneSimulator.Build.0 = Debug|Any CPU
		{EE15E6F7-5DF8-450E-9A7D-3816BEE4E214}.Debug|iPhoneSimulator.Deploy.0 = Debug|Any CPU
		{EE15E6F7-5DF8-450E-9A7D-3816BEE4E214}.Debug|x64.ActiveCfg = Debug|Any CPU
		{EE15E6F7-5DF8-450E-9A7D-3816BEE4E214}.Debug|x64.Build.0 = Debug|Any CPU
		{EE15E6F7-5DF8-450E-9A7D-3816BEE4E214}.Debug|x64.Deploy.0 = Debug|Any CPU
		{EE15E6F7-5DF8-450E-9A7D-3816BEE4E214}.Debug|x86.ActiveCfg = Debug|Any CPU
		{EE15E6F7-5DF8-450E-9A7D-3816BEE4E214}.Debug|x86.Build.0 = Debug|Any CPU
		{EE15E6F7-5DF8-450E-9A7D-3816BEE4E214}.Debug|x86.Deploy.0 = Debug|Any CPU
		{EE15E6F7-5DF8-450E-9A7D-3816BEE4E214}.Release|Any CPU.ActiveCfg = Release|Any CPU
		{EE15E6F7-5DF8-450E-9A7D-3816BEE4E214}.Release|Any CPU.Build.0 = Release|Any CPU
		{EE15E6F7-5DF8-450E-9A7D-3816BEE4E214}.Release|Any CPU.Deploy.0 = Release|Any CPU
		{EE15E6F7-5DF8-450E-9A7D-3816BEE4E214}.Release|ARM.ActiveCfg = Release|Any CPU
		{EE15E6F7-5DF8-450E-9A7D-3816BEE4E214}.Release|ARM.Build.0 = Release|Any CPU
		{EE15E6F7-5DF8-450E-9A7D-3816BEE4E214}.Release|ARM.Deploy.0 = Release|Any CPU
		{EE15E6F7-5DF8-450E-9A7D-3816BEE4E214}.Release|iPhone.ActiveCfg = Release|Any CPU
		{EE15E6F7-5DF8-450E-9A7D-3816BEE4E214}.Release|iPhone.Build.0 = Release|Any CPU
		{EE15E6F7-5DF8-450E-9A7D-3816BEE4E214}.Release|iPhone.Deploy.0 = Release|Any CPU
		{EE15E6F7-5DF8-450E-9A7D-3816BEE4E214}.Release|iPhoneSimulator.ActiveCfg = Release|Any CPU
		{EE15E6F7-5DF8-450E-9A7D-3816BEE4E214}.Release|iPhoneSimulator.Build.0 = Release|Any CPU
		{EE15E6F7-5DF8-450E-9A7D-3816BEE4E214}.Release|iPhoneSimulator.Deploy.0 = Release|Any CPU
		{EE15E6F7-5DF8-450E-9A7D-3816BEE4E214}.Release|x64.ActiveCfg = Release|Any CPU
		{EE15E6F7-5DF8-450E-9A7D-3816BEE4E214}.Release|x64.Build.0 = Release|Any CPU
		{EE15E6F7-5DF8-450E-9A7D-3816BEE4E214}.Release|x64.Deploy.0 = Release|Any CPU
		{EE15E6F7-5DF8-450E-9A7D-3816BEE4E214}.Release|x86.ActiveCfg = Release|Any CPU
		{EE15E6F7-5DF8-450E-9A7D-3816BEE4E214}.Release|x86.Build.0 = Release|Any CPU
		{EE15E6F7-5DF8-450E-9A7D-3816BEE4E214}.Release|x86.Deploy.0 = Release|Any CPU
		{65702C5E-38E2-41D7-BCA4-CC47FF322165}.Debug|Any CPU.ActiveCfg = Debug|iPhoneSimulator
		{65702C5E-38E2-41D7-BCA4-CC47FF322165}.Debug|Any CPU.Build.0 = Debug|iPhoneSimulator
		{65702C5E-38E2-41D7-BCA4-CC47FF322165}.Debug|Any CPU.Deploy.0 = Debug|iPhoneSimulator
		{65702C5E-38E2-41D7-BCA4-CC47FF322165}.Debug|ARM.ActiveCfg = Debug|iPhoneSimulator
		{65702C5E-38E2-41D7-BCA4-CC47FF322165}.Debug|ARM.Build.0 = Debug|iPhoneSimulator
		{65702C5E-38E2-41D7-BCA4-CC47FF322165}.Debug|ARM.Deploy.0 = Debug|iPhoneSimulator
		{65702C5E-38E2-41D7-BCA4-CC47FF322165}.Debug|iPhone.ActiveCfg = Debug|iPhone
		{65702C5E-38E2-41D7-BCA4-CC47FF322165}.Debug|iPhone.Build.0 = Debug|iPhone
		{65702C5E-38E2-41D7-BCA4-CC47FF322165}.Debug|iPhone.Deploy.0 = Debug|iPhone
		{65702C5E-38E2-41D7-BCA4-CC47FF322165}.Debug|iPhoneSimulator.ActiveCfg = Debug|iPhoneSimulator
		{65702C5E-38E2-41D7-BCA4-CC47FF322165}.Debug|iPhoneSimulator.Build.0 = Debug|iPhoneSimulator
		{65702C5E-38E2-41D7-BCA4-CC47FF322165}.Debug|iPhoneSimulator.Deploy.0 = Debug|iPhoneSimulator
		{65702C5E-38E2-41D7-BCA4-CC47FF322165}.Debug|x64.ActiveCfg = Debug|iPhone
		{65702C5E-38E2-41D7-BCA4-CC47FF322165}.Debug|x64.Build.0 = Debug|iPhone
		{65702C5E-38E2-41D7-BCA4-CC47FF322165}.Debug|x64.Deploy.0 = Debug|iPhone
		{65702C5E-38E2-41D7-BCA4-CC47FF322165}.Debug|x86.ActiveCfg = Debug|iPhoneSimulator
		{65702C5E-38E2-41D7-BCA4-CC47FF322165}.Debug|x86.Build.0 = Debug|iPhoneSimulator
		{65702C5E-38E2-41D7-BCA4-CC47FF322165}.Debug|x86.Deploy.0 = Debug|iPhoneSimulator
		{65702C5E-38E2-41D7-BCA4-CC47FF322165}.Release|Any CPU.ActiveCfg = Release|iPhoneSimulator
		{65702C5E-38E2-41D7-BCA4-CC47FF322165}.Release|Any CPU.Build.0 = Release|iPhoneSimulator
		{65702C5E-38E2-41D7-BCA4-CC47FF322165}.Release|Any CPU.Deploy.0 = Release|iPhoneSimulator
		{65702C5E-38E2-41D7-BCA4-CC47FF322165}.Release|ARM.ActiveCfg = Release|iPhoneSimulator
		{65702C5E-38E2-41D7-BCA4-CC47FF322165}.Release|ARM.Build.0 = Release|iPhoneSimulator
		{65702C5E-38E2-41D7-BCA4-CC47FF322165}.Release|ARM.Deploy.0 = Release|iPhoneSimulator
		{65702C5E-38E2-41D7-BCA4-CC47FF322165}.Release|iPhone.ActiveCfg = Release|iPhone
		{65702C5E-38E2-41D7-BCA4-CC47FF322165}.Release|iPhone.Build.0 = Release|iPhone
		{65702C5E-38E2-41D7-BCA4-CC47FF322165}.Release|iPhone.Deploy.0 = Release|iPhone
		{65702C5E-38E2-41D7-BCA4-CC47FF322165}.Release|iPhoneSimulator.ActiveCfg = Release|iPhoneSimulator
		{65702C5E-38E2-41D7-BCA4-CC47FF322165}.Release|iPhoneSimulator.Build.0 = Release|iPhoneSimulator
		{65702C5E-38E2-41D7-BCA4-CC47FF322165}.Release|iPhoneSimulator.Deploy.0 = Release|iPhoneSimulator
		{65702C5E-38E2-41D7-BCA4-CC47FF322165}.Release|x64.ActiveCfg = Release|iPhoneSimulator
		{65702C5E-38E2-41D7-BCA4-CC47FF322165}.Release|x64.Build.0 = Release|iPhoneSimulator
		{65702C5E-38E2-41D7-BCA4-CC47FF322165}.Release|x64.Deploy.0 = Release|iPhoneSimulator
		{65702C5E-38E2-41D7-BCA4-CC47FF322165}.Release|x86.ActiveCfg = Release|iPhoneSimulator
		{65702C5E-38E2-41D7-BCA4-CC47FF322165}.Release|x86.Build.0 = Release|iPhoneSimulator
		{65702C5E-38E2-41D7-BCA4-CC47FF322165}.Release|x86.Deploy.0 = Release|iPhoneSimulator
		{E983B92C-2CBE-401A-9895-3B8E94D859DC}.Debug|Any CPU.ActiveCfg = Debug|Any CPU
		{E983B92C-2CBE-401A-9895-3B8E94D859DC}.Debug|Any CPU.Build.0 = Debug|Any CPU
		{E983B92C-2CBE-401A-9895-3B8E94D859DC}.Debug|Any CPU.Deploy.0 = Debug|Any CPU
		{E983B92C-2CBE-401A-9895-3B8E94D859DC}.Debug|ARM.ActiveCfg = Debug|Any CPU
		{E983B92C-2CBE-401A-9895-3B8E94D859DC}.Debug|ARM.Build.0 = Debug|Any CPU
		{E983B92C-2CBE-401A-9895-3B8E94D859DC}.Debug|ARM.Deploy.0 = Debug|Any CPU
		{E983B92C-2CBE-401A-9895-3B8E94D859DC}.Debug|iPhone.ActiveCfg = Debug|Any CPU
		{E983B92C-2CBE-401A-9895-3B8E94D859DC}.Debug|iPhone.Build.0 = Debug|Any CPU
		{E983B92C-2CBE-401A-9895-3B8E94D859DC}.Debug|iPhone.Deploy.0 = Debug|Any CPU
		{E983B92C-2CBE-401A-9895-3B8E94D859DC}.Debug|iPhoneSimulator.ActiveCfg = Debug|Any CPU
		{E983B92C-2CBE-401A-9895-3B8E94D859DC}.Debug|iPhoneSimulator.Build.0 = Debug|Any CPU
		{E983B92C-2CBE-401A-9895-3B8E94D859DC}.Debug|iPhoneSimulator.Deploy.0 = Debug|Any CPU
		{E983B92C-2CBE-401A-9895-3B8E94D859DC}.Debug|x64.ActiveCfg = Debug|Any CPU
		{E983B92C-2CBE-401A-9895-3B8E94D859DC}.Debug|x64.Build.0 = Debug|Any CPU
		{E983B92C-2CBE-401A-9895-3B8E94D859DC}.Debug|x64.Deploy.0 = Debug|Any CPU
		{E983B92C-2CBE-401A-9895-3B8E94D859DC}.Debug|x86.ActiveCfg = Debug|Any CPU
		{E983B92C-2CBE-401A-9895-3B8E94D859DC}.Debug|x86.Build.0 = Debug|Any CPU
		{E983B92C-2CBE-401A-9895-3B8E94D859DC}.Debug|x86.Deploy.0 = Debug|Any CPU
		{E983B92C-2CBE-401A-9895-3B8E94D859DC}.Release|Any CPU.ActiveCfg = Release|Any CPU
		{E983B92C-2CBE-401A-9895-3B8E94D859DC}.Release|Any CPU.Build.0 = Release|Any CPU
		{E983B92C-2CBE-401A-9895-3B8E94D859DC}.Release|Any CPU.Deploy.0 = Release|Any CPU
		{E983B92C-2CBE-401A-9895-3B8E94D859DC}.Release|ARM.ActiveCfg = Release|Any CPU
		{E983B92C-2CBE-401A-9895-3B8E94D859DC}.Release|ARM.Build.0 = Release|Any CPU
		{E983B92C-2CBE-401A-9895-3B8E94D859DC}.Release|ARM.Deploy.0 = Release|Any CPU
		{E983B92C-2CBE-401A-9895-3B8E94D859DC}.Release|iPhone.ActiveCfg = Release|Any CPU
		{E983B92C-2CBE-401A-9895-3B8E94D859DC}.Release|iPhone.Build.0 = Release|Any CPU
		{E983B92C-2CBE-401A-9895-3B8E94D859DC}.Release|iPhone.Deploy.0 = Release|Any CPU
		{E983B92C-2CBE-401A-9895-3B8E94D859DC}.Release|iPhoneSimulator.ActiveCfg = Release|Any CPU
		{E983B92C-2CBE-401A-9895-3B8E94D859DC}.Release|iPhoneSimulator.Build.0 = Release|Any CPU
		{E983B92C-2CBE-401A-9895-3B8E94D859DC}.Release|iPhoneSimulator.Deploy.0 = Release|Any CPU
		{E983B92C-2CBE-401A-9895-3B8E94D859DC}.Release|x64.ActiveCfg = Release|Any CPU
		{E983B92C-2CBE-401A-9895-3B8E94D859DC}.Release|x64.Build.0 = Release|Any CPU
		{E983B92C-2CBE-401A-9895-3B8E94D859DC}.Release|x64.Deploy.0 = Release|Any CPU
		{E983B92C-2CBE-401A-9895-3B8E94D859DC}.Release|x86.ActiveCfg = Release|Any CPU
		{E983B92C-2CBE-401A-9895-3B8E94D859DC}.Release|x86.Build.0 = Release|Any CPU
		{E983B92C-2CBE-401A-9895-3B8E94D859DC}.Release|x86.Deploy.0 = Release|Any CPU
	EndGlobalSection
	GlobalSection(SolutionProperties) = preSolution
		HideSolutionNode = FALSE
	EndGlobalSection
	GlobalSection(ExtensibilityGlobals) = postSolution
		SolutionGuid = {736F1642-82DA-455D-862F-396806F921D5}
	EndGlobalSection
EndGlobal
